
Microsoft Visual Studio Solution File, Format Version 12.00
# Visual Studio Version 17
VisualStudioVersion = 17.6.33717.318
MinimumVisualStudioVersion = 10.0.40219.1
Project("{9A19103F-16F7-4668-BE54-9A1E7A4F7556}") = "OnlineStore.WebAPI", "OnlineStore.WebAPI\OnlineStore.WebAPI.csproj", "{1D562337-905F-4222-ABDA-9D76CD4FCF51}"
EndProject
Project("{9A19103F-16F7-4668-BE54-9A1E7A4F7556}") = "OnlineStore.BL", "OnlineStore.BL\OnlineStore.BL.csproj", "{1738966D-0E21-451F-8036-BF6698E83FBA}"
EndProject
Project("{9A19103F-16F7-4668-BE54-9A1E7A4F7556}") = "OnlineStore.DataAccess", "OnlineStore.DataAccess\OnlineStore.DataAccess.csproj", "{5313ABE4-234C-43B4-B97C-457B65DF200B}"
EndProject
Project("{FAE04EC0-301F-11D3-BF4B-00C04F79EFBC}") = "OnlineStrore.UnitTests", "OnlineStrore.UnitTests\OnlineStrore.UnitTests.csproj", "{E9834180-AC5D-42E3-A430-BD97E2D9C6B0}"
EndProject
Global
	GlobalSection(SolutionConfigurationPlatforms) = preSolution
		Debug|Any CPU = Debug|Any CPU
		Release|Any CPU = Release|Any CPU
	EndGlobalSection
	GlobalSection(ProjectConfigurationPlatforms) = postSolution
		{1D562337-905F-4222-ABDA-9D76CD4FCF51}.Debug|Any CPU.ActiveCfg = Debug|Any CPU
		{1D562337-905F-4222-ABDA-9D76CD4FCF51}.Debug|Any CPU.Build.0 = Debug|Any CPU
		{1D562337-905F-4222-ABDA-9D76CD4FCF51}.Release|Any CPU.ActiveCfg = Release|Any CPU
		{1D562337-905F-4222-ABDA-9D76CD4FCF51}.Release|Any CPU.Build.0 = Release|Any CPU
		{1738966D-0E21-451F-8036-BF6698E83FBA}.Debug|Any CPU.ActiveCfg = Debug|Any CPU
		{1738966D-0E21-451F-8036-BF6698E83FBA}.Debug|Any CPU.Build.0 = Debug|Any CPU
		{1738966D-0E21-451F-8036-BF6698E83FBA}.Release|Any CPU.ActiveCfg = Release|Any CPU
		{1738966D-0E21-451F-8036-BF6698E83FBA}.Release|Any CPU.Build.0 = Release|Any CPU
		{5313ABE4-234C-43B4-B97C-457B65DF200B}.Debug|Any CPU.ActiveCfg = Debug|Any CPU
		{5313ABE4-234C-43B4-B97C-457B65DF200B}.Debug|Any CPU.Build.0 = Debug|Any CPU
		{5313ABE4-234C-43B4-B97C-457B65DF200B}.Release|Any CPU.ActiveCfg = Release|Any CPU
		{5313ABE4-234C-43B4-B97C-457B65DF200B}.Release|Any CPU.Build.0 = Release|Any CPU
		{E9834180-AC5D-42E3-A430-BD97E2D9C6B0}.Debug|Any CPU.ActiveCfg = Debug|Any CPU
		{E9834180-AC5D-42E3-A430-BD97E2D9C6B0}.Debug|Any CPU.Build.0 = Debug|Any CPU
		{E9834180-AC5D-42E3-A430-BD97E2D9C6B0}.Release|Any CPU.ActiveCfg = Release|Any CPU
		{E9834180-AC5D-42E3-A430-BD97E2D9C6B0}.Release|Any CPU.Build.0 = Release|Any CPU
	EndGlobalSection
	GlobalSection(SolutionProperties) = preSolution
		HideSolutionNode = FALSE
	EndGlobalSection
	GlobalSection(ExtensibilityGlobals) = postSolution
		SolutionGuid = {13708B6B-B8DE-43D1-A2E2-0A27F3ED0984}
	EndGlobalSection
EndGlobal
